
Microsoft Visual Studio Solution File, Format Version 12.00
# Visual Studio Version 17
VisualStudioVersion = 17.14.36518.9 d17.14
MinimumVisualStudioVersion = 10.0.40219.1
Project("{FAE04EC0-301F-11D3-BF4B-00C04F79EFBC}") = "Moisi_Vanesa_Lab1", "Moisi_Vanesa_Lab1.csproj", "{46D213AE-A998-46D5-BB3C-D7C524966F25}"
EndProject
Global
	GlobalSection(SolutionConfigurationPlatforms) = preSolution
		Debug|Any CPU = Debug|Any CPU
		Release|Any CPU = Release|Any CPU
	EndGlobalSection
	GlobalSection(ProjectConfigurationPlatforms) = postSolution
		{46D213AE-A998-46D5-BB3C-D7C524966F25}.Debug|Any CPU.ActiveCfg = Debug|Any CPU
		{46D213AE-A998-46D5-BB3C-D7C524966F25}.Debug|Any CPU.Build.0 = Debug|Any CPU
		{46D213AE-A998-46D5-BB3C-D7C524966F25}.Release|Any CPU.ActiveCfg = Release|Any CPU
		{46D213AE-A998-46D5-BB3C-D7C524966F25}.Release|Any CPU.Build.0 = Release|Any CPU
	EndGlobalSection
	GlobalSection(SolutionProperties) = preSolution
		HideSolutionNode = FALSE
	EndGlobalSection
	GlobalSection(ExtensibilityGlobals) = postSolution
		SolutionGuid = {A4CCD457-25CB-4408-BDD1-0F5696ECB6F8}
	EndGlobalSection
EndGlobal
